
Microsoft Visual Studio Solution File, Format Version 11.00
# Visual Studio 2010
Project("{8BC9CEB8-8B4A-11D0-8D11-00A0C91BC942}") = "plugin-port3", "plugin-port3\plugin-port3.vcxproj", "{8F481733-18A7-4299-8ADF-EDD970F73349}"
EndProject
Global
	GlobalSection(SolutionConfigurationPlatforms) = preSolution
		Debug|NaCl = Debug|NaCl
		Debug|PPAPI = Debug|PPAPI
		Debug|Win32 = Debug|Win32
	EndGlobalSection
	GlobalSection(ProjectConfigurationPlatforms) = postSolution
		{8F481733-18A7-4299-8ADF-EDD970F73349}.Debug|NaCl.ActiveCfg = Debug|NaCl
		{8F481733-18A7-4299-8ADF-EDD970F73349}.Debug|NaCl.Build.0 = Debug|NaCl
		{8F481733-18A7-4299-8ADF-EDD970F73349}.Debug|PPAPI.ActiveCfg = Debug|PPAPI
		{8F481733-18A7-4299-8ADF-EDD970F73349}.Debug|PPAPI.Build.0 = Debug|PPAPI
		{8F481733-18A7-4299-8ADF-EDD970F73349}.Debug|Win32.ActiveCfg = Debug|Win32
		{8F481733-18A7-4299-8ADF-EDD970F73349}.Debug|Win32.Build.0 = Debug|Win32
	EndGlobalSection
	GlobalSection(SolutionProperties) = preSolution
		HideSolutionNode = FALSE
	EndGlobalSection
EndGlobal
